
Microsoft Visual Studio Solution File, Format Version 12.00
# Visual Studio 14
VisualStudioVersion = 14.0.25420.1
MinimumVisualStudioVersion = 10.0.40219.1
Project("{FAE04EC0-301F-11D3-BF4B-00C04F79EFBC}") = "PAF.DAS.Service", "PAF Document Archieving System\PAF.DAS.Service.csproj", "{65588CBF-A468-4948-9A98-95B2FED6A344}"
EndProject
Project("{9A19103F-16F7-4668-BE54-9A1E7A4F7556}") = "PAF.DAS.WebAPI", "PAF.DAS.WebAPI\PAF.DAS.WebAPI.csproj", "{D8E0BF59-4714-428D-87F7-E75D8695D1FB}"
EndProject
Project("{FAE04EC0-301F-11D3-BF4B-00C04F79EFBC}") = "PAF.DAS.Service.Test", "PAF.DAS.Service.Test\PAF.DAS.Service.Test.csproj", "{6952D3A7-3113-46A1-8B2F-260DC5976FC2}"
EndProject
Project("{2150E333-8FDC-42A3-9474-1A3956D46DE8}") = "Requirements", "Requirements", "{C4ABED7D-3E2E-47D9-BB17-9A9426FD0F57}"
	ProjectSection(SolutionItems) = preProject
		C:\Users\amenm\Downloads\req1.png = C:\Users\amenm\Downloads\req1.png
		C:\Users\amenm\Downloads\req2.png = C:\Users\amenm\Downloads\req2.png
	EndProjectSection
EndProject
Global
	GlobalSection(SolutionConfigurationPlatforms) = preSolution
		Debug|Any CPU = Debug|Any CPU
		Release|Any CPU = Release|Any CPU
	EndGlobalSection
	GlobalSection(ProjectConfigurationPlatforms) = postSolution
		{65588CBF-A468-4948-9A98-95B2FED6A344}.Debug|Any CPU.ActiveCfg = Debug|Any CPU
		{65588CBF-A468-4948-9A98-95B2FED6A344}.Debug|Any CPU.Build.0 = Debug|Any CPU
		{65588CBF-A468-4948-9A98-95B2FED6A344}.Release|Any CPU.ActiveCfg = Release|Any CPU
		{65588CBF-A468-4948-9A98-95B2FED6A344}.Release|Any CPU.Build.0 = Release|Any CPU
		{D8E0BF59-4714-428D-87F7-E75D8695D1FB}.Debug|Any CPU.ActiveCfg = Debug|Any CPU
		{D8E0BF59-4714-428D-87F7-E75D8695D1FB}.Debug|Any CPU.Build.0 = Debug|Any CPU
		{D8E0BF59-4714-428D-87F7-E75D8695D1FB}.Release|Any CPU.ActiveCfg = Release|Any CPU
		{D8E0BF59-4714-428D-87F7-E75D8695D1FB}.Release|Any CPU.Build.0 = Release|Any CPU
		{6952D3A7-3113-46A1-8B2F-260DC5976FC2}.Debug|Any CPU.ActiveCfg = Debug|Any CPU
		{6952D3A7-3113-46A1-8B2F-260DC5976FC2}.Debug|Any CPU.Build.0 = Debug|Any CPU
		{6952D3A7-3113-46A1-8B2F-260DC5976FC2}.Release|Any CPU.ActiveCfg = Release|Any CPU
		{6952D3A7-3113-46A1-8B2F-260DC5976FC2}.Release|Any CPU.Build.0 = Release|Any CPU
	EndGlobalSection
	GlobalSection(SolutionProperties) = preSolution
		HideSolutionNode = FALSE
	EndGlobalSection
	GlobalSection(ExtensibilityGlobals) = postSolution
		SolutionGuid = {B8BED1A7-876F-4F23-B5DE-A011A824A350}
	EndGlobalSection
EndGlobal
